
Microsoft Visual Studio Solution File, Format Version 12.00
# Visual Studio 15
VisualStudioVersion = 15.0.28307.136
MinimumVisualStudioVersion = 10.0.40219.1
Project("{FAE04EC0-301F-11D3-BF4B-00C04F79EFBC}") = "sqlite3jp", "sqlite3jp\sqlite3jp.csproj", "{4D960202-CEE2-4D1B-A826-6C80016DD78F}"
EndProject
Global
	GlobalSection(SolutionConfigurationPlatforms) = preSolution
		Debug|Any CPU = Debug|Any CPU
		Release|Any CPU = Release|Any CPU
	EndGlobalSection
	GlobalSection(ProjectConfigurationPlatforms) = postSolution
		{4D960202-CEE2-4D1B-A826-6C80016DD78F}.Debug|Any CPU.ActiveCfg = Debug|Any CPU
		{4D960202-CEE2-4D1B-A826-6C80016DD78F}.Debug|Any CPU.Build.0 = Debug|Any CPU
		{4D960202-CEE2-4D1B-A826-6C80016DD78F}.Release|Any CPU.ActiveCfg = Release|Any CPU
		{4D960202-CEE2-4D1B-A826-6C80016DD78F}.Release|Any CPU.Build.0 = Release|Any CPU
	EndGlobalSection
	GlobalSection(SolutionProperties) = preSolution
		HideSolutionNode = FALSE
	EndGlobalSection
	GlobalSection(ExtensibilityGlobals) = postSolution
		SolutionGuid = {1C49A409-8ED4-4DFF-B69D-506E531A6289}
	EndGlobalSection
EndGlobal
